// !$*UTF8*$!
{
	archiveVersion = 1;
	classes = {
	};
	objectVersion = 46;
	objects = {

/* Begin PBXBuildFile section */
		6B8A7BC51B509C4E0064058B /* main.m in Sources */ = {isa = PBXBuildFile; fileRef = 6B8A7BC41B509C4E0064058B /* main.m */; };
		6B8A7BC81B509C4E0064058B /* AppDelegate.m in Sources */ = {isa = PBXBuildFile; fileRef = 6B8A7BC71B509C4E0064058B /* AppDelegate.m */; };
		6B8A7BCB1B509C4E0064058B /* ViewController.m in Sources */ = {isa = PBXBuildFile; fileRef = 6B8A7BCA1B509C4E0064058B /* ViewController.m */; };
		6B8A7BCE1B509C4E0064058B /* Main.storyboard in Resources */ = {isa = PBXBuildFile; fileRef = 6B8A7BCC1B509C4E0064058B /* Main.storyboard */; };
		6B8A7BD01B509C4E0064058B /* Images.xcassets in Resources */ = {isa = PBXBuildFile; fileRef = 6B8A7BCF1B509C4E0064058B /* Images.xcassets */; };
		6B8A7BD31B509C4E0064058B /* LaunchScreen.xib in Resources */ = {isa = PBXBuildFile; fileRef = 6B8A7BD11B509C4E0064058B /* LaunchScreen.xib */; };
		6B8A7BDF1B509C4E0064058B /* MiniBrowserTests.m in Sources */ = {isa = PBXBuildFile; fileRef = 6B8A7BDE1B509C4E0064058B /* MiniBrowserTests.m */; };
		6BE932C91B50BCBD002F5007 /* WebKit.framework in Frameworks */ = {isa = PBXBuildFile; fileRef = 6BE932C81B50BCBD002F5007 /* WebKit.framework */; };
		6BE932CD1B50D5B4002F5007 /* BrowserController.m in Sources */ = {isa = PBXBuildFile; fileRef = 6BE932CC1B50D5B4002F5007 /* BrowserController.m */; };
		6BE932D31B50E20E002F5007 /* ControlPanelView.m in Sources */ = {isa = PBXBuildFile; fileRef = 6BE932D21B50E20E002F5007 /* ControlPanelView.m */; };
		6BF6D5B41B52447700A3AD55 /* BrowserView.m in Sources */ = {isa = PBXBuildFile; fileRef = 6BF6D5B31B52447700A3AD55 /* BrowserView.m */; };
/* End PBXBuildFile section */

/* Begin PBXContainerItemProxy section */
		6B8A7BD91B509C4E0064058B /* PBXContainerItemProxy */ = {
			isa = PBXContainerItemProxy;
			containerPortal = 6B8A7BB71B509C4E0064058B /* Project object */;
			proxyType = 1;
			remoteGlobalIDString = 6B8A7BBE1B509C4E0064058B;
			remoteInfo = MiniBrowser;
		};
/* End PBXContainerItemProxy section */

/* Begin PBXFileReference section */
		6B8A7BBF1B509C4E0064058B /* MiniBrowser.app */ = {isa = PBXFileReference; explicitFileType = wrapper.application; includeInIndex = 0; path = MiniBrowser.app; sourceTree = BUILT_PRODUCTS_DIR; };
		6B8A7BC31B509C4E0064058B /* Info.plist */ = {isa = PBXFileReference; lastKnownFileType = text.plist.xml; path = Info.plist; sourceTree = "<group>"; };
		6B8A7BC41B509C4E0064058B /* main.m */ = {isa = PBXFileReference; lastKnownFileType = sourcecode.c.objc; path = main.m; sourceTree = "<group>"; };
		6B8A7BC61B509C4E0064058B /* AppDelegate.h */ = {isa = PBXFileReference; lastKnownFileType = sourcecode.c.h; path = AppDelegate.h; sourceTree = "<group>"; };
		6B8A7BC71B509C4E0064058B /* AppDelegate.m */ = {isa = PBXFileReference; lastKnownFileType = sourcecode.c.objc; path = AppDelegate.m; sourceTree = "<group>"; };
		6B8A7BC91B509C4E0064058B /* ViewController.h */ = {isa = PBXFileReference; lastKnownFileType = sourcecode.c.h; path = ViewController.h; sourceTree = "<group>"; };
		6B8A7BCA1B509C4E0064058B /* ViewController.m */ = {isa = PBXFileReference; lastKnownFileType = sourcecode.c.objc; path = ViewController.m; sourceTree = "<group>"; };
		6B8A7BCD1B509C4E0064058B /* Base */ = {isa = PBXFileReference; lastKnownFileType = file.storyboard; name = Base; path = Base.lproj/Main.storyboard; sourceTree = "<group>"; };
		6B8A7BCF1B509C4E0064058B /* Images.xcassets */ = {isa = PBXFileReference; lastKnownFileType = folder.assetcatalog; path = Images.xcassets; sourceTree = "<group>"; };
		6B8A7BD21B509C4E0064058B /* Base */ = {isa = PBXFileReference; lastKnownFileType = file.xib; name = Base; path = Base.lproj/LaunchScreen.xib; sourceTree = "<group>"; };
		6B8A7BD81B509C4E0064058B /* MiniBrowserTests.xctest */ = {isa = PBXFileReference; explicitFileType = wrapper.cfbundle; includeInIndex = 0; path = MiniBrowserTests.xctest; sourceTree = BUILT_PRODUCTS_DIR; };
		6B8A7BDD1B509C4E0064058B /* Info.plist */ = {isa = PBXFileReference; lastKnownFileType = text.plist.xml; path = Info.plist; sourceTree = "<group>"; };
		6B8A7BDE1B509C4E0064058B /* MiniBrowserTests.m */ = {isa = PBXFileReference; lastKnownFileType = sourcecode.c.objc; path = MiniBrowserTests.m; sourceTree = "<group>"; };
		6BE932C81B50BCBD002F5007 /* WebKit.framework */ = {isa = PBXFileReference; lastKnownFileType = wrapper.framework; name = WebKit.framework; path = System/Library/Frameworks/WebKit.framework; sourceTree = SDKROOT; };
		6BE932CB1B50D5B4002F5007 /* BrowserController.h */ = {isa = PBXFileReference; fileEncoding = 4; lastKnownFileType = sourcecode.c.h; path = BrowserController.h; sourceTree = "<group>"; };
		6BE932CC1B50D5B4002F5007 /* BrowserController.m */ = {isa = PBXFileReference; fileEncoding = 4; lastKnownFileType = sourcecode.c.objc; path = BrowserController.m; sourceTree = "<group>"; };
		6BE932D11B50E20E002F5007 /* ControlPanelView.h */ = {isa = PBXFileReference; fileEncoding = 4; lastKnownFileType = sourcecode.c.h; path = ControlPanelView.h; sourceTree = "<group>"; };
		6BE932D21B50E20E002F5007 /* ControlPanelView.m */ = {isa = PBXFileReference; fileEncoding = 4; lastKnownFileType = sourcecode.c.objc; path = ControlPanelView.m; sourceTree = "<group>"; };
		6BF6D5B21B52447700A3AD55 /* BrowserView.h */ = {isa = PBXFileReference; fileEncoding = 4; lastKnownFileType = sourcecode.c.h; path = BrowserView.h; sourceTree = "<group>"; };
		6BF6D5B31B52447700A3AD55 /* BrowserView.m */ = {isa = PBXFileReference; fileEncoding = 4; lastKnownFileType = sourcecode.c.objc; path = BrowserView.m; sourceTree = "<group>"; };
/* End PBXFileReference section */

/* Begin PBXFrameworksBuildPhase section */
		6B8A7BBC1B509C4E0064058B /* Frameworks */ = {
			isa = PBXFrameworksBuildPhase;
			buildActionMask = 2147483647;
			files = (
				6BE932C91B50BCBD002F5007 /* WebKit.framework in Frameworks */,
			);
			runOnlyForDeploymentPostprocessing = 0;
		};
		6B8A7BD51B509C4E0064058B /* Frameworks */ = {
			isa = PBXFrameworksBuildPhase;
			buildActionMask = 2147483647;
			files = (
			);
			runOnlyForDeploymentPostprocessing = 0;
		};
/* End PBXFrameworksBuildPhase section */

/* Begin PBXGroup section */
		6B8A7BB61B509C4E0064058B = {
			isa = PBXGroup;
			children = (
				6B8A7BC11B509C4E0064058B /* MiniBrowser */,
				6B8A7BDB1B509C4E0064058B /* MiniBrowserTests */,
				6BE932CA1B50BD2F002F5007 /* Framworks */,
				6B8A7BC01B509C4E0064058B /* Products */,
			);
			sourceTree = "<group>";
		};
		6B8A7BC01B509C4E0064058B /* Products */ = {
			isa = PBXGroup;
			children = (
				6B8A7BBF1B509C4E0064058B /* MiniBrowser.app */,
				6B8A7BD81B509C4E0064058B /* MiniBrowserTests.xctest */,
			);
			name = Products;
			sourceTree = "<group>";
		};
		6B8A7BC11B509C4E0064058B /* MiniBrowser */ = {
			isa = PBXGroup;
			children = (
				6BF6D5B51B52545300A3AD55 /* ViewController */,
				6BF6D5AE1B522BD200A3AD55 /* UI */,
				6BE932CB1B50D5B4002F5007 /* BrowserController.h */,
				6BE932CC1B50D5B4002F5007 /* BrowserController.m */,
				6B8A7BC21B509C4E0064058B /* Supporting Files */,
			);
			path = MiniBrowser;
			sourceTree = "<group>";
		};
		6B8A7BC21B509C4E0064058B /* Supporting Files */ = {
			isa = PBXGroup;
			children = (
				6B8A7BC61B509C4E0064058B /* AppDelegate.h */,
				6B8A7BC71B509C4E0064058B /* AppDelegate.m */,
				6B8A7BCC1B509C4E0064058B /* Main.storyboard */,
				6B8A7BCF1B509C4E0064058B /* Images.xcassets */,
				6B8A7BD11B509C4E0064058B /* LaunchScreen.xib */,
				6B8A7BC31B509C4E0064058B /* Info.plist */,
				6B8A7BC41B509C4E0064058B /* main.m */,
			);
			name = "Supporting Files";
			sourceTree = "<group>";
		};
		6B8A7BDB1B509C4E0064058B /* MiniBrowserTests */ = {
			isa = PBXGroup;
			children = (
				6B8A7BDE1B509C4E0064058B /* MiniBrowserTests.m */,
				6B8A7BDC1B509C4E0064058B /* Supporting Files */,
			);
			path = MiniBrowserTests;
			sourceTree = "<group>";
		};
		6B8A7BDC1B509C4E0064058B /* Supporting Files */ = {
			isa = PBXGroup;
			children = (
				6B8A7BDD1B509C4E0064058B /* Info.plist */,
			);
			name = "Supporting Files";
			sourceTree = "<group>";
		};
		6BE932CA1B50BD2F002F5007 /* Framworks */ = {
			isa = PBXGroup;
			children = (
				6BE932C81B50BCBD002F5007 /* WebKit.framework */,
			);
			name = Framworks;
			sourceTree = "<group>";
		};
		6BF6D5AE1B522BD200A3AD55 /* UI */ = {
			isa = PBXGroup;
			children = (
				6BF6D5B21B52447700A3AD55 /* BrowserView.h */,
				6BF6D5B31B52447700A3AD55 /* BrowserView.m */,
				6BE932D11B50E20E002F5007 /* ControlPanelView.h */,
				6BE932D21B50E20E002F5007 /* ControlPanelView.m */,
			);
			name = UI;
			sourceTree = "<group>";
		};
		6BF6D5B51B52545300A3AD55 /* ViewController */ = {
			isa = PBXGroup;
			children = (
				6B8A7BC91B509C4E0064058B /* ViewController.h */,
				6B8A7BCA1B509C4E0064058B /* ViewController.m */,
			);
			name = ViewController;
			sourceTree = "<group>";
		};
/* End PBXGroup section */

/* Begin PBXNativeTarget section */
		6B8A7BBE1B509C4E0064058B /* MiniBrowser */ = {
			isa = PBXNativeTarget;
			buildConfigurationList = 6B8A7BE21B509C4E0064058B /* Build configuration list for PBXNativeTarget "MiniBrowser" */;
			buildPhases = (
				6B8A7BBB1B509C4E0064058B /* Sources */,
				6B8A7BBC1B509C4E0064058B /* Frameworks */,
				6B8A7BBD1B509C4E0064058B /* Resources */,
			);
			buildRules = (
			);
			dependencies = (
			);
			name = MiniBrowser;
			productName = MiniBrowser;
			productReference = 6B8A7BBF1B509C4E0064058B /* MiniBrowser.app */;
			productType = "com.apple.product-type.application";
		};
		6B8A7BD71B509C4E0064058B /* MiniBrowserTests */ = {
			isa = PBXNativeTarget;
			buildConfigurationList = 6B8A7BE51B509C4E0064058B /* Build configuration list for PBXNativeTarget "MiniBrowserTests" */;
			buildPhases = (
				6B8A7BD41B509C4E0064058B /* Sources */,
				6B8A7BD51B509C4E0064058B /* Frameworks */,
				6B8A7BD61B509C4E0064058B /* Resources */,
			);
			buildRules = (
			);
			dependencies = (
				6B8A7BDA1B509C4E0064058B /* PBXTargetDependency */,
			);
			name = MiniBrowserTests;
			productName = MiniBrowserTests;
			productReference = 6B8A7BD81B509C4E0064058B /* MiniBrowserTests.xctest */;
			productType = "com.apple.product-type.bundle.unit-test";
		};
/* End PBXNativeTarget section */

/* Begin PBXProject section */
		6B8A7BB71B509C4E0064058B /* Project object */ = {
			isa = PBXProject;
			attributes = {
				LastUpgradeCheck = 0630;
				ORGANIZATIONNAME = "Xinbo Wu";
				TargetAttributes = {
					6B8A7BBE1B509C4E0064058B = {
						CreatedOnToolsVersion = 6.3.2;
					};
					6B8A7BD71B509C4E0064058B = {
						CreatedOnToolsVersion = 6.3.2;
						TestTargetID = 6B8A7BBE1B509C4E0064058B;
					};
				};
			};
			buildConfigurationList = 6B8A7BBA1B509C4E0064058B /* Build configuration list for PBXProject "MiniBrowser" */;
			compatibilityVersion = "Xcode 3.2";
			developmentRegion = English;
			hasScannedForEncodings = 0;
			knownRegions = (
				en,
				Base,
			);
			mainGroup = 6B8A7BB61B509C4E0064058B;
			productRefGroup = 6B8A7BC01B509C4E0064058B /* Products */;
			projectDirPath = "";
			projectRoot = "";
			targets = (
				6B8A7BBE1B509C4E0064058B /* MiniBrowser */,
				6B8A7BD71B509C4E0064058B /* MiniBrowserTests */,
			);
		};
/* End PBXProject section */

/* Begin PBXResourcesBuildPhase section */
		6B8A7BBD1B509C4E0064058B /* Resources */ = {
			isa = PBXResourcesBuildPhase;
			buildActionMask = 2147483647;
			files = (
				6B8A7BCE1B509C4E0064058B /* Main.storyboard in Resources */,
				6B8A7BD31B509C4E0064058B /* LaunchScreen.xib in Resources */,
				6B8A7BD01B509C4E0064058B /* Images.xcassets in Resources */,
			);
			runOnlyForDeploymentPostprocessing = 0;
		};
		6B8A7BD61B509C4E0064058B /* Resources */ = {
			isa = PBXResourcesBuildPhase;
			buildActionMask = 2147483647;
			files = (
			);
			runOnlyForDeploymentPostprocessing = 0;
		};
/* End PBXResourcesBuildPhase section */

/* Begin PBXSourcesBuildPhase section */
		6B8A7BBB1B509C4E0064058B /* Sources */ = {
			isa = PBXSourcesBuildPhase;
			buildActionMask = 2147483647;
			files = (
				6BE932D31B50E20E002F5007 /* ControlPanelView.m in Sources */,
				6B8A7BCB1B509C4E0064058B /* ViewController.m in Sources */,
				6B8A7BC81B509C4E0064058B /* AppDelegate.m in Sources */,
				6BE932CD1B50D5B4002F5007 /* BrowserController.m in Sources */,
				6B8A7BC51B509C4E0064058B /* main.m in Sources */,
				6BF6D5B41B52447700A3AD55 /* BrowserView.m in Sources */,
			);
			runOnlyForDeploymentPostprocessing = 0;
		};
		6B8A7BD41B509C4E0064058B /* Sources */ = {
			isa = PBXSourcesBuildPhase;
			buildActionMask = 2147483647;
			files = (
				6B8A7BDF1B509C4E0064058B /* MiniBrowserTests.m in Sources */,
			);
			runOnlyForDeploymentPostprocessing = 0;
		};
/* End PBXSourcesBuildPhase section */

/* Begin PBXTargetDependency section */
		6B8A7BDA1B509C4E0064058B /* PBXTargetDependency */ = {
			isa = PBXTargetDependency;
			target = 6B8A7BBE1B509C4E0064058B /* MiniBrowser */;
			targetProxy = 6B8A7BD91B509C4E0064058B /* PBXContainerItemProxy */;
		};
/* End PBXTargetDependency section */

/* Begin PBXVariantGroup section */
		6B8A7BCC1B509C4E0064058B /* Main.storyboard */ = {
			isa = PBXVariantGroup;
			children = (
				6B8A7BCD1B509C4E0064058B /* Base */,
			);
			name = Main.storyboard;
			sourceTree = "<group>";
		};
		6B8A7BD11B509C4E0064058B /* LaunchScreen.xib */ = {
			isa = PBXVariantGroup;
			children = (
				6B8A7BD21B509C4E0064058B /* Base */,
			);
			name = LaunchScreen.xib;
			sourceTree = "<group>";
		};
/* End PBXVariantGroup section */

/* Begin XCBuildConfiguration section */
		6B8A7BE01B509C4E0064058B /* Debug */ = {
			isa = XCBuildConfiguration;
			buildSettings = {
				ALWAYS_SEARCH_USER_PATHS = NO;
				CLANG_CXX_LANGUAGE_STANDARD = "gnu++0x";
				CLANG_CXX_LIBRARY = "libc++";
				CLANG_ENABLE_MODULES = YES;
				CLANG_ENABLE_OBJC_ARC = YES;
				CLANG_WARN_BOOL_CONVERSION = YES;
				CLANG_WARN_CONSTANT_CONVERSION = YES;
				CLANG_WARN_DIRECT_OBJC_ISA_USAGE = YES_ERROR;
				CLANG_WARN_EMPTY_BODY = YES;
				CLANG_WARN_ENUM_CONVERSION = YES;
				CLANG_WARN_INT_CONVERSION = YES;
				CLANG_WARN_OBJC_ROOT_CLASS = YES_ERROR;
				CLANG_WARN_UNREACHABLE_CODE = YES;
				CLANG_WARN__DUPLICATE_METHOD_MATCH = YES;
				"CODE_SIGN_IDENTITY[sdk=iphoneos*]" = "iPhone Developer";
				COPY_PHASE_STRIP = NO;
				DEBUG_INFORMATION_FORMAT = "dwarf-with-dsym";
				ENABLE_STRICT_OBJC_MSGSEND = YES;
				GCC_C_LANGUAGE_STANDARD = gnu99;
				GCC_DYNAMIC_NO_PIC = NO;
				GCC_NO_COMMON_BLOCKS = YES;
				GCC_OPTIMIZATION_LEVEL = 0;
				GCC_PREPROCESSOR_DEFINITIONS = (
					"DEBUG=1",
					"$(inherited)",
				);
				GCC_SYMBOLS_PRIVATE_EXTERN = NO;
				GCC_WARN_64_TO_32_BIT_CONVERSION = YES;
				GCC_WARN_ABOUT_RETURN_TYPE = YES_ERROR;
				GCC_WARN_UNDECLARED_SELECTOR = YES;
				GCC_WARN_UNINITIALIZED_AUTOS = YES_AGGRESSIVE;
				GCC_WARN_UNUSED_FUNCTION = YES;
				GCC_WARN_UNUSED_VARIABLE = YES;
				IPHONEOS_DEPLOYMENT_TARGET = 8.3;
				MTL_ENABLE_DEBUG_INFO = YES;
				ONLY_ACTIVE_ARCH = YES;
				SDKROOT = iphoneos;
			};
			name = Debug;
		};
		6B8A7BE11B509C4E0064058B /* Release */ = {
			isa = XCBuildConfiguration;
			buildSettings = {
				ALWAYS_SEARCH_USER_PATHS = NO;
				CLANG_CXX_LANGUAGE_STANDARD = "gnu++0x";
				CLANG_CXX_LIBRARY = "libc++";
				CLANG_ENABLE_MODULES = YES;
				CLANG_ENABLE_OBJC_ARC = YES;
				CLANG_WARN_BOOL_CONVERSION = YES;
				CLANG_WARN_CONSTANT_CONVERSION = YES;
				CLANG_WARN_DIRECT_OBJC_ISA_USAGE = YES_ERROR;
				CLANG_WARN_EMPTY_BODY = YES;
				CLANG_WARN_ENUM_CONVERSION = YES;
				CLANG_WARN_INT_CONVERSION = YES;
				CLANG_WARN_OBJC_ROOT_CLASS = YES_ERROR;
				CLANG_WARN_UNREACHABLE_CODE = YES;
				CLANG_WARN__DUPLICATE_METHOD_MATCH = YES;
				"CODE_SIGN_IDENTITY[sdk=iphoneos*]" = "iPhone Developer";
				COPY_PHASE_STRIP = NO;
				DEBUG_INFORMATION_FORMAT = "dwarf-with-dsym";
				ENABLE_NS_ASSERTIONS = NO;
				ENABLE_STRICT_OBJC_MSGSEND = YES;
				GCC_C_LANGUAGE_STANDARD = gnu99;
				GCC_NO_COMMON_BLOCKS = YES;
				GCC_WARN_64_TO_32_BIT_CONVERSION = YES;
				GCC_WARN_ABOUT_RETURN_TYPE = YES_ERROR;
				GCC_WARN_UNDECLARED_SELECTOR = YES;
				GCC_WARN_UNINITIALIZED_AUTOS = YES_AGGRESSIVE;
				GCC_WARN_UNUSED_FUNCTION = YES;
				GCC_WARN_UNUSED_VARIABLE = YES;
				IPHONEOS_DEPLOYMENT_TARGET = 8.3;
				MTL_ENABLE_DEBUG_INFO = NO;
				SDKROOT = iphoneos;
				VALIDATE_PRODUCT = YES;
			};
			name = Release;
		};
		6B8A7BE31B509C4E0064058B /* Debug */ = {
			isa = XCBuildConfiguration;
			buildSettings = {
				ASSETCATALOG_COMPILER_APPICON_NAME = AppIcon;
				INFOPLIST_FILE = MiniBrowser/Info.plist;
				LD_RUNPATH_SEARCH_PATHS = "$(inherited) @executable_path/Frameworks";
				PRODUCT_NAME = "$(TARGET_NAME)";
			};
			name = Debug;
		};
		6B8A7BE41B509C4E0064058B /* Release */ = {
			isa = XCBuildConfiguration;
			buildSettings = {
				ASSETCATALOG_COMPILER_APPICON_NAME = AppIcon;
				INFOPLIST_FILE = MiniBrowser/Info.plist;
				LD_RUNPATH_SEARCH_PATHS = "$(inherited) @executable_path/Frameworks";
				PRODUCT_NAME = "$(TARGET_NAME)";
			};
			name = Release;
		};
		6B8A7BE61B509C4E0064058B /* Debug */ = {
			isa = XCBuildConfiguration;
			buildSettings = {
				BUNDLE_LOADER = "$(TEST_HOST)";
				FRAMEWORK_SEARCH_PATHS = (
					"$(SDKROOT)/Developer/Library/Frameworks",
					"$(inherited)",
				);
				GCC_PREPROCESSOR_DEFINITIONS = (
					"DEBUG=1",
					"$(inherited)",
				);
				INFOPLIST_FILE = MiniBrowserTests/Info.plist;
				LD_RUNPATH_SEARCH_PATHS = "$(inherited) @executable_path/Frameworks @loader_path/Frameworks";
				PRODUCT_NAME = "$(TARGET_NAME)";
				TEST_HOST = "$(BUILT_PRODUCTS_DIR)/MiniBrowser.app/MiniBrowser";
			};
			name = Debug;
		};
		6B8A7BE71B509C4E0064058B /* Release */ = {
			isa = XCBuildConfiguration;
			buildSettings = {
				BUNDLE_LOADER = "$(TEST_HOST)";
				FRAMEWORK_SEARCH_PATHS = (
					"$(SDKROOT)/Developer/Library/Frameworks",
					"$(inherited)",
				);
				INFOPLIST_FILE = MiniBrowserTests/Info.plist;
				LD_RUNPATH_SEARCH_PATHS = "$(inherited) @executable_path/Frameworks @loader_path/Frameworks";
				PRODUCT_NAME = "$(TARGET_NAME)";
				TEST_HOST = "$(BUILT_PRODUCTS_DIR)/MiniBrowser.app/MiniBrowser";
			};
			name = Release;
		};
/* End XCBuildConfiguration section */

/* Begin XCConfigurationList section */
		6B8A7BBA1B509C4E0064058B /* Build configuration list for PBXProject "MiniBrowser" */ = {
			isa = XCConfigurationList;
			buildConfigurations = (
				6B8A7BE01B509C4E0064058B /* Debug */,
				6B8A7BE11B509C4E0064058B /* Release */,
			);
			defaultConfigurationIsVisible = 0;
			defaultConfigurationName = Release;
		};
		6B8A7BE21B509C4E0064058B /* Build configuration list for PBXNativeTarget "MiniBrowser" */ = {
			isa = XCConfigurationList;
			buildConfigurations = (
				6B8A7BE31B509C4E0064058B /* Debug */,
				6B8A7BE41B509C4E0064058B /* Release */,
			);
			defaultConfigurationIsVisible = 0;
			defaultConfigurationName = Release;
		};
		6B8A7BE51B509C4E0064058B /* Build configuration list for PBXNativeTarget "MiniBrowserTests" */ = {
			isa = XCConfigurationList;
			buildConfigurations = (
				6B8A7BE61B509C4E0064058B /* Debug */,
				6B8A7BE71B509C4E0064058B /* Release */,
			);
			defaultConfigurationIsVisible = 0;
			defaultConfigurationName = Release;
		};
/* End XCConfigurationList section */
	};
	rootObject = 6B8A7BB71B509C4E0064058B /* Project object */;
}
